<?xml version="1.0" encoding="utf-8"?>
<Project ToolsVersion="4.0" xmlns="http://schemas.microsoft.com/developer/msbuild/2003">
  <ItemGroup>
    <Filter Include="Source Files">
      <UniqueIdentifier>{4fc737f1-c7a5-4376-a066-2a32d752a2ff}</UniqueIdentifier>
      <Extensions>cpp;c;cc;cxx</Extensions>
    </Filter>
    <Filter Include="Header Files">
      <UniqueIdentifier>{93995380-89bd-4b04-88eb-625fbe52ebfb}</UniqueIdentifier>
      <Extensions>h;hpp</Extensions>
    </Filter>
  </ItemGroup>
  <ItemGroup>
    <ClCompile Include="tests\test_runner.cpp">
      <Filter>Source Files</Filter>
    </ClCompile>
    <ClCompile Include="tests\c_api_smoke.c">
      <Filter>Source Files</Filter>
    </ClCompile>
    <ClCompile Include="tests\simd_integer_tests.cpp">
      <Filter>Source Files</Filter>
    </ClCompile>
    <ClCompile Include="fixed.cpp">
      <Filter>Source Files</Filter>
    </ClCompile>
  </ItemGroup>
  <ItemGroup>
    <ClInclude Include="arccollision.h">
      <Filter>Header Files</Filter>
    </ClInclude>
    <ClInclude Include="internal.h">
      <Filter>Header Files</Filter>
    </ClInclude>
    <ClInclude Include="simd128.h">
      <Filter>Header Files</Filter>
    </ClInclude>
  </ItemGroup>
</Project>
